
Microsoft Visual Studio Solution File, Format Version 12.00
# Visual Studio Version 16
VisualStudioVersion = 16.0.31729.503
MinimumVisualStudioVersion = 10.0.40219.1
Project("{FAE04EC0-301F-11D3-BF4B-00C04F79EFBC}") = "SendEmailSample", "SendEmailWithAttachment\SendEmailSample.csproj", "{BB8E0C43-09C3-40D3-A739-A79107DF62A5}"
EndProject
Global
	GlobalSection(SolutionConfigurationPlatforms) = preSolution
		Debug|Any CPU = Debug|Any CPU
		Release|Any CPU = Release|Any CPU
	EndGlobalSection
	GlobalSection(ProjectConfigurationPlatforms) = postSolution
		{BB8E0C43-09C3-40D3-A739-A79107DF62A5}.Debug|Any CPU.ActiveCfg = Debug|Any CPU
		{BB8E0C43-09C3-40D3-A739-A79107DF62A5}.Debug|Any CPU.Build.0 = Debug|Any CPU
		{BB8E0C43-09C3-40D3-A739-A79107DF62A5}.Release|Any CPU.ActiveCfg = Release|Any CPU
		{BB8E0C43-09C3-40D3-A739-A79107DF62A5}.Release|Any CPU.Build.0 = Release|Any CPU
	EndGlobalSection
	GlobalSection(SolutionProperties) = preSolution
		HideSolutionNode = FALSE
	EndGlobalSection
	GlobalSection(ExtensibilityGlobals) = postSolution
		SolutionGuid = {B05FC6EA-C20E-485E-A285-98E68175051D}
	EndGlobalSection
EndGlobal
